
Microsoft Visual Studio Solution File, Format Version 10.00
# Visual Studio 2008
Project("{8BC9CEB8-8B4A-11D0-8D11-00A0C91BC942}") = "GateWay", "GateWay\GateWay.vcproj", "{5D60D6C5-A419-4D5B-86E2-0DE5DD69FBBA}"
EndProject
Global
	GlobalSection(SolutionConfigurationPlatforms) = preSolution
		Debug|Win32 = Debug|Win32
		Release|Win32 = Release|Win32
	EndGlobalSection
	GlobalSection(ProjectConfigurationPlatforms) = postSolution
		{5D60D6C5-A419-4D5B-86E2-0DE5DD69FBBA}.Debug|Win32.ActiveCfg = Debug|Win32
		{5D60D6C5-A419-4D5B-86E2-0DE5DD69FBBA}.Debug|Win32.Build.0 = Debug|Win32
		{5D60D6C5-A419-4D5B-86E2-0DE5DD69FBBA}.Release|Win32.ActiveCfg = Release|Win32
		{5D60D6C5-A419-4D5B-86E2-0DE5DD69FBBA}.Release|Win32.Build.0 = Release|Win32
	EndGlobalSection
	GlobalSection(SolutionProperties) = preSolution
		HideSolutionNode = FALSE
	EndGlobalSection
EndGlobal
